
Microsoft Visual Studio Solution File, Format Version 12.00
# Visual Studio Version 17
VisualStudioVersion = 17.14.36414.22 d17.14
MinimumVisualStudioVersion = 10.0.40219.1
Project("{2150E333-8FDC-42A3-9474-1A3956D46DE8}") = "Task0", "Task0", "{02EA681E-C7D8-13C7-8484-4AC65E1B71E8}"
EndProject
Project("{FAE04EC0-301F-11D3-BF4B-00C04F79EFBC}") = "Tyuiu.MitrofanovaPV.Sprint4.Task0.V21", "Tyuiu.MitrofanovaPV.Sprint4.Task0.V21\Tyuiu.MitrofanovaPV.Sprint4.Task0.V21.csproj", "{0D86C61C-B964-4346-A8DD-110B173D1AA7}"
EndProject
Project("{FAE04EC0-301F-11D3-BF4B-00C04F79EFBC}") = "Tyuiu.MitrofanovaPV.Sprint4.Task0.V21.Test", "Tyuiu.MitrofanovaPV.Sprint4.Task0.V21.Test\Tyuiu.MitrofanovaPV.Sprint4.Task0.V21.Test.csproj", "{4F9ECEAF-D4C6-4F63-BD74-8744BBBD2BCE}"
EndProject
Project("{FAE04EC0-301F-11D3-BF4B-00C04F79EFBC}") = "Tyuiu.MitrofanovaPV.Sprint4.Task0.V21.Lib", "Tyuiu.MitrofanovaPV.Sprint4.Task0.V21.Lib\Tyuiu.MitrofanovaPV.Sprint4.Task0.V21.Lib.csproj", "{6B87FE3A-0AF2-490B-A72F-627534C95472}"
EndProject
Global
	GlobalSection(SolutionConfigurationPlatforms) = preSolution
		Debug|Any CPU = Debug|Any CPU
		Release|Any CPU = Release|Any CPU
	EndGlobalSection
	GlobalSection(ProjectConfigurationPlatforms) = postSolution
		{0D86C61C-B964-4346-A8DD-110B173D1AA7}.Debug|Any CPU.ActiveCfg = Debug|Any CPU
		{0D86C61C-B964-4346-A8DD-110B173D1AA7}.Debug|Any CPU.Build.0 = Debug|Any CPU
		{0D86C61C-B964-4346-A8DD-110B173D1AA7}.Release|Any CPU.ActiveCfg = Release|Any CPU
		{0D86C61C-B964-4346-A8DD-110B173D1AA7}.Release|Any CPU.Build.0 = Release|Any CPU
		{4F9ECEAF-D4C6-4F63-BD74-8744BBBD2BCE}.Debug|Any CPU.ActiveCfg = Debug|Any CPU
		{4F9ECEAF-D4C6-4F63-BD74-8744BBBD2BCE}.Debug|Any CPU.Build.0 = Debug|Any CPU
		{4F9ECEAF-D4C6-4F63-BD74-8744BBBD2BCE}.Release|Any CPU.ActiveCfg = Release|Any CPU
		{4F9ECEAF-D4C6-4F63-BD74-8744BBBD2BCE}.Release|Any CPU.Build.0 = Release|Any CPU
		{6B87FE3A-0AF2-490B-A72F-627534C95472}.Debug|Any CPU.ActiveCfg = Debug|Any CPU
		{6B87FE3A-0AF2-490B-A72F-627534C95472}.Debug|Any CPU.Build.0 = Debug|Any CPU
		{6B87FE3A-0AF2-490B-A72F-627534C95472}.Release|Any CPU.ActiveCfg = Release|Any CPU
		{6B87FE3A-0AF2-490B-A72F-627534C95472}.Release|Any CPU.Build.0 = Release|Any CPU
	EndGlobalSection
	GlobalSection(SolutionProperties) = preSolution
		HideSolutionNode = FALSE
	EndGlobalSection
	GlobalSection(NestedProjects) = preSolution
		{0D86C61C-B964-4346-A8DD-110B173D1AA7} = {02EA681E-C7D8-13C7-8484-4AC65E1B71E8}
		{4F9ECEAF-D4C6-4F63-BD74-8744BBBD2BCE} = {02EA681E-C7D8-13C7-8484-4AC65E1B71E8}
		{6B87FE3A-0AF2-490B-A72F-627534C95472} = {02EA681E-C7D8-13C7-8484-4AC65E1B71E8}
	EndGlobalSection
	GlobalSection(ExtensibilityGlobals) = postSolution
		SolutionGuid = {0F2091C3-B8A6-4C87-BBCC-1A19FCF0B8D6}
	EndGlobalSection
EndGlobal
