
Microsoft Visual Studio Solution File, Format Version 12.00
# Visual Studio Version 17
VisualStudioVersion = 17.14.36414.22 d17.14
MinimumVisualStudioVersion = 10.0.40219.1
Project("{2150E333-8FDC-42A3-9474-1A3956D46DE8}") = "Task0", "Task0", "{02EA681E-C7D8-13C7-8484-4AC65E1B71E8}"
EndProject
Project("{FAE04EC0-301F-11D3-BF4B-00C04F79EFBC}") = "Tyuiu.MitrofanovaPV.Sprint4.Task0.V21", "Tyuiu.MitrofanovaPV.Sprint4.Task0.V21\Tyuiu.MitrofanovaPV.Sprint4.Task0.V21.csproj", "{0D86C61C-B964-4346-A8DD-110B173D1AA7}"
EndProject
Project("{FAE04EC0-301F-11D3-BF4B-00C04F79EFBC}") = "Tyuiu.MitrofanovaPV.Sprint4.Task0.V21.Test", "Tyuiu.MitrofanovaPV.Sprint4.Task0.V21.Test\Tyuiu.MitrofanovaPV.Sprint4.Task0.V21.Test.csproj", "{4F9ECEAF-D4C6-4F63-BD74-8744BBBD2BCE}"
EndProject
Project("{FAE04EC0-301F-11D3-BF4B-00C04F79EFBC}") = "Tyuiu.MitrofanovaPV.Sprint4.Task0.V21.Lib", "Tyuiu.MitrofanovaPV.Sprint4.Task0.V21.Lib\Tyuiu.MitrofanovaPV.Sprint4.Task0.V21.Lib.csproj", "{6B87FE3A-0AF2-490B-A72F-627534C95472}"
EndProject
Project("{2150E333-8FDC-42A3-9474-1A3956D46DE8}") = "Task1", "Task1", "{19EF2F1A-8FF4-43F8-9008-20ECDB5B7173}"
EndProject
Project("{FAE04EC0-301F-11D3-BF4B-00C04F79EFBC}") = "Tyuiu.MitrofanovaPV.Sprint4.Task1.V18", "Tyuiu.MitrofanovaPV.Sprint4.Task1.V18\Tyuiu.MitrofanovaPV.Sprint4.Task1.V18.csproj", "{173876D2-3AA4-40B6-ADFD-F3B35983DB0E}"
EndProject
Project("{FAE04EC0-301F-11D3-BF4B-00C04F79EFBC}") = "Tyuiu.MitrofanovaPV.Sprint4.Task1.V18.Lib", "Tyuiu.MitrofanovaPV.Sprint4.Task1.V18.Lib\Tyuiu.MitrofanovaPV.Sprint4.Task1.V18.Lib.csproj", "{28421087-1637-4C73-A814-7230524A296B}"
EndProject
Project("{FAE04EC0-301F-11D3-BF4B-00C04F79EFBC}") = "Tyuiu.MitrofanovaPV.Sprint4.Task1.V18.Test", "Tyuiu.MitrofanovaPV.Sprint4.Task1.V18.Test\Tyuiu.MitrofanovaPV.Sprint4.Task1.V18.Test.csproj", "{43C0AD94-A8CD-4457-A463-344FD412C2B4}"
EndProject
Project("{2150E333-8FDC-42A3-9474-1A3956D46DE8}") = "Task2", "Task2", "{79B0CA55-A1EB-44F5-A2AA-37C2C3969E3A}"
EndProject
Project("{2150E333-8FDC-42A3-9474-1A3956D46DE8}") = "Task3", "Task3", "{BCC7990B-3063-4A61-B744-EF363E0BDC48}"
EndProject
Project("{2150E333-8FDC-42A3-9474-1A3956D46DE8}") = "Task4", "Task4", "{ED5EE784-B1ED-4D53-962A-20595FBB6110}"
EndProject
Project("{2150E333-8FDC-42A3-9474-1A3956D46DE8}") = "Task5", "Task5", "{AF623767-8B3C-431F-B1FB-0D21B75B582E}"
EndProject
Project("{2150E333-8FDC-42A3-9474-1A3956D46DE8}") = "Task6", "Task6", "{092554F6-E70C-42C4-A05E-02C3DF77DB34}"
EndProject
Project("{2150E333-8FDC-42A3-9474-1A3956D46DE8}") = "Task7", "Task7", "{8D6174AE-A168-41BF-A7E8-6711A496095F}"
EndProject
Project("{FAE04EC0-301F-11D3-BF4B-00C04F79EFBC}") = "Tyuiu.MitrofanovaPV.Sprint4.Task2.V7", "Tyuiu.MitrofanovaPV.Sprint4.Task2.V7\Tyuiu.MitrofanovaPV.Sprint4.Task2.V7.csproj", "{96745E4C-218D-45B1-9487-5CAE4598C701}"
EndProject
Project("{FAE04EC0-301F-11D3-BF4B-00C04F79EFBC}") = "Tyuiu.MitrofanovaPV.Sprint4.Task2.V7.Test", "Tyuiu.MitrofanovaPV.Sprint4.Task2.V7.Test\Tyuiu.MitrofanovaPV.Sprint4.Task2.V7.Test.csproj", "{EFFAD4AB-5B1E-443E-BB1C-03F806F15C4A}"
EndProject
Project("{FAE04EC0-301F-11D3-BF4B-00C04F79EFBC}") = "Tyuiu.MitrofanovaPV.Sprint4.Task2.V7.Lib", "Tyuiu.MitrofanovaPV.Sprint4.Task2.V7.Lib\Tyuiu.MitrofanovaPV.Sprint4.Task2.V7.Lib.csproj", "{AE97EC8A-3A73-481B-AC7B-F5DC0A5100D9}"
EndProject
Project("{FAE04EC0-301F-11D3-BF4B-00C04F79EFBC}") = "Tyuiu.MitrofanovaPV.Sprint4.Task3.V11", "Tyuiu.MitrofanovaPV.Sprint4.Task3.V11\Tyuiu.MitrofanovaPV.Sprint4.Task3.V11.csproj", "{4CA0D4CA-060D-4FBC-8F75-30FF586DA413}"
EndProject
Project("{FAE04EC0-301F-11D3-BF4B-00C04F79EFBC}") = "Tyuiu.MitrofanovaPV.Sprint4.Task3.V11.Lib", "Tyuiu.MitrofanovaPV.Sprint4.Task3.V11.Lib\Tyuiu.MitrofanovaPV.Sprint4.Task3.V11.Lib.csproj", "{9B991812-EAEA-4B9D-A9AF-4BF49F5BDD01}"
EndProject
Project("{FAE04EC0-301F-11D3-BF4B-00C04F79EFBC}") = "Tyuiu.MitrofanovaPV.Sprint4.Task3.V11.Test", "Tyuiu.MitrofanovaPV.Sprint4.Task3.V11.Test\Tyuiu.MitrofanovaPV.Sprint4.Task3.V11.Test.csproj", "{8A50869C-4904-431E-BA22-91047EC72401}"
EndProject
Project("{FAE04EC0-301F-11D3-BF4B-00C04F79EFBC}") = "Tyuiu.MitrofanovaPV.Sprint4.Task4.V15", "Tyuiu.MitrofanovaPV.Sprint4.Task4.V15\Tyuiu.MitrofanovaPV.Sprint4.Task4.V15.csproj", "{E981DE30-B105-4404-ABA0-2D99D20D36C1}"
EndProject
Project("{FAE04EC0-301F-11D3-BF4B-00C04F79EFBC}") = "Tyuiu.MitrofanovaPV.Sprint4.Task4.V15.Test", "Tyuiu.MitrofanovaPV.Sprint4.Task4.V15.Test\Tyuiu.MitrofanovaPV.Sprint4.Task4.V15.Test.csproj", "{9AB4565F-C7E2-41A9-9E94-22B1C6B618CE}"
EndProject
Project("{FAE04EC0-301F-11D3-BF4B-00C04F79EFBC}") = "Tyuiu.MitrofanovaPV.Sprint4.Task4.V15.Lib", "Tyuiu.MitrofanovaPV.Sprint4.Task4.V15.Lib\Tyuiu.MitrofanovaPV.Sprint4.Task4.V15.Lib.csproj", "{B6FB0082-7264-4956-9D0E-3BA8ECBE0F7D}"
EndProject
Project("{FAE04EC0-301F-11D3-BF4B-00C04F79EFBC}") = "Tyuiu.MitrofanovaPV.Sprint4.Task5.V25", "Tyuiu.MitrofanovaPV.Sprint4.Task5.V25\Tyuiu.MitrofanovaPV.Sprint4.Task5.V25.csproj", "{06CA929D-6A64-4CAD-B251-92EB54F5359D}"
EndProject
Project("{FAE04EC0-301F-11D3-BF4B-00C04F79EFBC}") = "Tyuiu.MitrofanovaPV.Sprint4.Task5.V25.Lib", "Tyuiu.MitrofanovaPV.Sprint4.Task5.V25.Lib\Tyuiu.MitrofanovaPV.Sprint4.Task5.V25.Lib.csproj", "{FA79F9E8-2E7C-4E0D-A824-3AFC14E9FA9A}"
EndProject
Project("{FAE04EC0-301F-11D3-BF4B-00C04F79EFBC}") = "Tyuiu.MitrofanovaPV.Sprint4.Task5.V25.Test", "Tyuiu.MitrofanovaPV.Sprint4.Task5.V25.Test\Tyuiu.MitrofanovaPV.Sprint4.Task5.V25.Test.csproj", "{F7C6977D-F972-448C-8EAB-C95D251FEDA0}"
EndProject
Global
	GlobalSection(SolutionConfigurationPlatforms) = preSolution
		Debug|Any CPU = Debug|Any CPU
		Release|Any CPU = Release|Any CPU
	EndGlobalSection
	GlobalSection(ProjectConfigurationPlatforms) = postSolution
		{0D86C61C-B964-4346-A8DD-110B173D1AA7}.Debug|Any CPU.ActiveCfg = Debug|Any CPU
		{0D86C61C-B964-4346-A8DD-110B173D1AA7}.Debug|Any CPU.Build.0 = Debug|Any CPU
		{0D86C61C-B964-4346-A8DD-110B173D1AA7}.Release|Any CPU.ActiveCfg = Release|Any CPU
		{0D86C61C-B964-4346-A8DD-110B173D1AA7}.Release|Any CPU.Build.0 = Release|Any CPU
		{4F9ECEAF-D4C6-4F63-BD74-8744BBBD2BCE}.Debug|Any CPU.ActiveCfg = Debug|Any CPU
		{4F9ECEAF-D4C6-4F63-BD74-8744BBBD2BCE}.Debug|Any CPU.Build.0 = Debug|Any CPU
		{4F9ECEAF-D4C6-4F63-BD74-8744BBBD2BCE}.Release|Any CPU.ActiveCfg = Release|Any CPU
		{4F9ECEAF-D4C6-4F63-BD74-8744BBBD2BCE}.Release|Any CPU.Build.0 = Release|Any CPU
		{6B87FE3A-0AF2-490B-A72F-627534C95472}.Debug|Any CPU.ActiveCfg = Debug|Any CPU
		{6B87FE3A-0AF2-490B-A72F-627534C95472}.Debug|Any CPU.Build.0 = Debug|Any CPU
		{6B87FE3A-0AF2-490B-A72F-627534C95472}.Release|Any CPU.ActiveCfg = Release|Any CPU
		{6B87FE3A-0AF2-490B-A72F-627534C95472}.Release|Any CPU.Build.0 = Release|Any CPU
		{173876D2-3AA4-40B6-ADFD-F3B35983DB0E}.Debug|Any CPU.ActiveCfg = Debug|Any CPU
		{173876D2-3AA4-40B6-ADFD-F3B35983DB0E}.Debug|Any CPU.Build.0 = Debug|Any CPU
		{173876D2-3AA4-40B6-ADFD-F3B35983DB0E}.Release|Any CPU.ActiveCfg = Release|Any CPU
		{173876D2-3AA4-40B6-ADFD-F3B35983DB0E}.Release|Any CPU.Build.0 = Release|Any CPU
		{28421087-1637-4C73-A814-7230524A296B}.Debug|Any CPU.ActiveCfg = Debug|Any CPU
		{28421087-1637-4C73-A814-7230524A296B}.Debug|Any CPU.Build.0 = Debug|Any CPU
		{28421087-1637-4C73-A814-7230524A296B}.Release|Any CPU.ActiveCfg = Release|Any CPU
		{28421087-1637-4C73-A814-7230524A296B}.Release|Any CPU.Build.0 = Release|Any CPU
		{43C0AD94-A8CD-4457-A463-344FD412C2B4}.Debug|Any CPU.ActiveCfg = Debug|Any CPU
		{43C0AD94-A8CD-4457-A463-344FD412C2B4}.Debug|Any CPU.Build.0 = Debug|Any CPU
		{43C0AD94-A8CD-4457-A463-344FD412C2B4}.Release|Any CPU.ActiveCfg = Release|Any CPU
		{43C0AD94-A8CD-4457-A463-344FD412C2B4}.Release|Any CPU.Build.0 = Release|Any CPU
		{96745E4C-218D-45B1-9487-5CAE4598C701}.Debug|Any CPU.ActiveCfg = Debug|Any CPU
		{96745E4C-218D-45B1-9487-5CAE4598C701}.Debug|Any CPU.Build.0 = Debug|Any CPU
		{96745E4C-218D-45B1-9487-5CAE4598C701}.Release|Any CPU.ActiveCfg = Release|Any CPU
		{96745E4C-218D-45B1-9487-5CAE4598C701}.Release|Any CPU.Build.0 = Release|Any CPU
		{EFFAD4AB-5B1E-443E-BB1C-03F806F15C4A}.Debug|Any CPU.ActiveCfg = Debug|Any CPU
		{EFFAD4AB-5B1E-443E-BB1C-03F806F15C4A}.Debug|Any CPU.Build.0 = Debug|Any CPU
		{EFFAD4AB-5B1E-443E-BB1C-03F806F15C4A}.Release|Any CPU.ActiveCfg = Release|Any CPU
		{EFFAD4AB-5B1E-443E-BB1C-03F806F15C4A}.Release|Any CPU.Build.0 = Release|Any CPU
		{AE97EC8A-3A73-481B-AC7B-F5DC0A5100D9}.Debug|Any CPU.ActiveCfg = Debug|Any CPU
		{AE97EC8A-3A73-481B-AC7B-F5DC0A5100D9}.Debug|Any CPU.Build.0 = Debug|Any CPU
		{AE97EC8A-3A73-481B-AC7B-F5DC0A5100D9}.Release|Any CPU.ActiveCfg = Release|Any CPU
		{AE97EC8A-3A73-481B-AC7B-F5DC0A5100D9}.Release|Any CPU.Build.0 = Release|Any CPU
		{4CA0D4CA-060D-4FBC-8F75-30FF586DA413}.Debug|Any CPU.ActiveCfg = Debug|Any CPU
		{4CA0D4CA-060D-4FBC-8F75-30FF586DA413}.Debug|Any CPU.Build.0 = Debug|Any CPU
		{4CA0D4CA-060D-4FBC-8F75-30FF586DA413}.Release|Any CPU.ActiveCfg = Release|Any CPU
		{4CA0D4CA-060D-4FBC-8F75-30FF586DA413}.Release|Any CPU.Build.0 = Release|Any CPU
		{9B991812-EAEA-4B9D-A9AF-4BF49F5BDD01}.Debug|Any CPU.ActiveCfg = Debug|Any CPU
		{9B991812-EAEA-4B9D-A9AF-4BF49F5BDD01}.Debug|Any CPU.Build.0 = Debug|Any CPU
		{9B991812-EAEA-4B9D-A9AF-4BF49F5BDD01}.Release|Any CPU.ActiveCfg = Release|Any CPU
		{9B991812-EAEA-4B9D-A9AF-4BF49F5BDD01}.Release|Any CPU.Build.0 = Release|Any CPU
		{8A50869C-4904-431E-BA22-91047EC72401}.Debug|Any CPU.ActiveCfg = Debug|Any CPU
		{8A50869C-4904-431E-BA22-91047EC72401}.Debug|Any CPU.Build.0 = Debug|Any CPU
		{8A50869C-4904-431E-BA22-91047EC72401}.Release|Any CPU.ActiveCfg = Release|Any CPU
		{8A50869C-4904-431E-BA22-91047EC72401}.Release|Any CPU.Build.0 = Release|Any CPU
		{E981DE30-B105-4404-ABA0-2D99D20D36C1}.Debug|Any CPU.ActiveCfg = Debug|Any CPU
		{E981DE30-B105-4404-ABA0-2D99D20D36C1}.Debug|Any CPU.Build.0 = Debug|Any CPU
		{E981DE30-B105-4404-ABA0-2D99D20D36C1}.Release|Any CPU.ActiveCfg = Release|Any CPU
		{E981DE30-B105-4404-ABA0-2D99D20D36C1}.Release|Any CPU.Build.0 = Release|Any CPU
		{9AB4565F-C7E2-41A9-9E94-22B1C6B618CE}.Debug|Any CPU.ActiveCfg = Debug|Any CPU
		{9AB4565F-C7E2-41A9-9E94-22B1C6B618CE}.Debug|Any CPU.Build.0 = Debug|Any CPU
		{9AB4565F-C7E2-41A9-9E94-22B1C6B618CE}.Release|Any CPU.ActiveCfg = Release|Any CPU
		{9AB4565F-C7E2-41A9-9E94-22B1C6B618CE}.Release|Any CPU.Build.0 = Release|Any CPU
		{B6FB0082-7264-4956-9D0E-3BA8ECBE0F7D}.Debug|Any CPU.ActiveCfg = Debug|Any CPU
		{B6FB0082-7264-4956-9D0E-3BA8ECBE0F7D}.Debug|Any CPU.Build.0 = Debug|Any CPU
		{B6FB0082-7264-4956-9D0E-3BA8ECBE0F7D}.Release|Any CPU.ActiveCfg = Release|Any CPU
		{B6FB0082-7264-4956-9D0E-3BA8ECBE0F7D}.Release|Any CPU.Build.0 = Release|Any CPU
		{06CA929D-6A64-4CAD-B251-92EB54F5359D}.Debug|Any CPU.ActiveCfg = Debug|Any CPU
		{06CA929D-6A64-4CAD-B251-92EB54F5359D}.Debug|Any CPU.Build.0 = Debug|Any CPU
		{06CA929D-6A64-4CAD-B251-92EB54F5359D}.Release|Any CPU.ActiveCfg = Release|Any CPU
		{06CA929D-6A64-4CAD-B251-92EB54F5359D}.Release|Any CPU.Build.0 = Release|Any CPU
		{FA79F9E8-2E7C-4E0D-A824-3AFC14E9FA9A}.Debug|Any CPU.ActiveCfg = Debug|Any CPU
		{FA79F9E8-2E7C-4E0D-A824-3AFC14E9FA9A}.Debug|Any CPU.Build.0 = Debug|Any CPU
		{FA79F9E8-2E7C-4E0D-A824-3AFC14E9FA9A}.Release|Any CPU.ActiveCfg = Release|Any CPU
		{FA79F9E8-2E7C-4E0D-A824-3AFC14E9FA9A}.Release|Any CPU.Build.0 = Release|Any CPU
		{F7C6977D-F972-448C-8EAB-C95D251FEDA0}.Debug|Any CPU.ActiveCfg = Debug|Any CPU
		{F7C6977D-F972-448C-8EAB-C95D251FEDA0}.Debug|Any CPU.Build.0 = Debug|Any CPU
		{F7C6977D-F972-448C-8EAB-C95D251FEDA0}.Release|Any CPU.ActiveCfg = Release|Any CPU
		{F7C6977D-F972-448C-8EAB-C95D251FEDA0}.Release|Any CPU.Build.0 = Release|Any CPU
	EndGlobalSection
	GlobalSection(SolutionProperties) = preSolution
		HideSolutionNode = FALSE
	EndGlobalSection
	GlobalSection(NestedProjects) = preSolution
		{0D86C61C-B964-4346-A8DD-110B173D1AA7} = {02EA681E-C7D8-13C7-8484-4AC65E1B71E8}
		{4F9ECEAF-D4C6-4F63-BD74-8744BBBD2BCE} = {02EA681E-C7D8-13C7-8484-4AC65E1B71E8}
		{6B87FE3A-0AF2-490B-A72F-627534C95472} = {02EA681E-C7D8-13C7-8484-4AC65E1B71E8}
		{173876D2-3AA4-40B6-ADFD-F3B35983DB0E} = {19EF2F1A-8FF4-43F8-9008-20ECDB5B7173}
		{28421087-1637-4C73-A814-7230524A296B} = {19EF2F1A-8FF4-43F8-9008-20ECDB5B7173}
		{43C0AD94-A8CD-4457-A463-344FD412C2B4} = {19EF2F1A-8FF4-43F8-9008-20ECDB5B7173}
		{96745E4C-218D-45B1-9487-5CAE4598C701} = {79B0CA55-A1EB-44F5-A2AA-37C2C3969E3A}
		{EFFAD4AB-5B1E-443E-BB1C-03F806F15C4A} = {79B0CA55-A1EB-44F5-A2AA-37C2C3969E3A}
		{AE97EC8A-3A73-481B-AC7B-F5DC0A5100D9} = {79B0CA55-A1EB-44F5-A2AA-37C2C3969E3A}
		{4CA0D4CA-060D-4FBC-8F75-30FF586DA413} = {BCC7990B-3063-4A61-B744-EF363E0BDC48}
		{9B991812-EAEA-4B9D-A9AF-4BF49F5BDD01} = {BCC7990B-3063-4A61-B744-EF363E0BDC48}
		{8A50869C-4904-431E-BA22-91047EC72401} = {BCC7990B-3063-4A61-B744-EF363E0BDC48}
		{E981DE30-B105-4404-ABA0-2D99D20D36C1} = {ED5EE784-B1ED-4D53-962A-20595FBB6110}
		{9AB4565F-C7E2-41A9-9E94-22B1C6B618CE} = {ED5EE784-B1ED-4D53-962A-20595FBB6110}
		{B6FB0082-7264-4956-9D0E-3BA8ECBE0F7D} = {ED5EE784-B1ED-4D53-962A-20595FBB6110}
		{06CA929D-6A64-4CAD-B251-92EB54F5359D} = {AF623767-8B3C-431F-B1FB-0D21B75B582E}
		{FA79F9E8-2E7C-4E0D-A824-3AFC14E9FA9A} = {AF623767-8B3C-431F-B1FB-0D21B75B582E}
		{F7C6977D-F972-448C-8EAB-C95D251FEDA0} = {AF623767-8B3C-431F-B1FB-0D21B75B582E}
	EndGlobalSection
	GlobalSection(ExtensibilityGlobals) = postSolution
		SolutionGuid = {0F2091C3-B8A6-4C87-BBCC-1A19FCF0B8D6}
	EndGlobalSection
EndGlobal
